{
    "name": "@anadyme/lavva-js-widgets",
    "version": "1.0.0",
    "lockfileVersion": 2,
    "requires": true,
    "packages": {
        "": {
            "name": "@anadyme/lavva-js-widgets",
            "version": "1.0.0",
            "license": "Apache-2.0",
            "dependencies": {
                "@stencil/core": "^2.1.1"
            }
        },
        "node_modules/@stencil/core": {
            "version": "2.1.1",
            "resolved": "https://registry.npmjs.org/@stencil/core/-/core-2.1.1.tgz",
            "integrity": "sha512-jcO/sv9wDSe/RSgySHDUUhYNtxPGWpWJy6ucLx/Z6nBau6239mtcXXdxS/KJwSCvHjjEubhz3Rj389eh+IEcZw=="
        }
    },
    "dependencies": {
        "@stencil/core": {
            "version": "2.1.1",
            "resolved": "https://registry.npmjs.org/@stencil/core/-/core-2.1.1.tgz",
            "integrity": "sha512-jcO/sv9wDSe/RSgySHDUUhYNtxPGWpWJy6ucLx/Z6nBau6239mtcXXdxS/KJwSCvHjjEubhz3Rj389eh+IEcZw=="
        }
    }
}
