{
    "name": "@anadyme/lavva-js-widgets",
    "version": "1.0.0",
    "lockfileVersion": 1,
    "requires": true,
    "dependencies": {
        "@anadyme/lavva-js-sdk": {
            "version": "file:../lavva-js-sdk/dist/sdk/anadyme-lavva-js-sdk-0.9.3.tgz",
            "integrity": "sha512-7HLuFfNsKElrKdfRWg4ZW6ibHw5/YPSMXjLKhFyrmmbku84oRdOsLZLMC+C3/BXl89MjSLsY2sHxl8IJZMqp/Q==",
            "requires": {
                "reconnecting-websocket": "^4.4.0",
                "tslib": "^2.0.0"
            },
            "dependencies": {
                "tslib": {
                    "version": "2.0.3",
                    "resolved": "https://registry.npmjs.org/tslib/-/tslib-2.0.3.tgz",
                    "integrity": "sha512-uZtkfKblCEQtZKBF6EBXVZeQNl82yqtDQdv+eck8u7tdPxjLu2/lp5/uPW+um2tpuxINHWy3GhiccY7QgEaVHQ=="
                }
            }
        },
        "@stencil/core": {
            "version": "2.3.0",
            "resolved": "https://registry.npmjs.org/@stencil/core/-/core-2.3.0.tgz",
            "integrity": "sha512-VZ/Ox0E1kngcmHbJhHUufuLELi+xG3of3LuRI3X2AMWyE82JUVYlOEsQci/YBZWpfc9BS9I36R88prBew22oew=="
        },
        "@stencil/sass": {
            "version": "1.4.1",
            "resolved": "https://registry.npmjs.org/@stencil/sass/-/sass-1.4.1.tgz",
            "integrity": "sha512-aFKoqtxZ/8BRbvNFiWRycGiqvMI22Ifn5qsKfq0U23j43XD81jT6d7K0WQd55ejNpoSpdxJcbOuFgQy3mXizfA==",
            "dev": true
        },
        "reconnecting-websocket": {
            "version": "4.4.0",
            "resolved": "https://registry.npmjs.org/reconnecting-websocket/-/reconnecting-websocket-4.4.0.tgz",
            "integrity": "sha512-D2E33ceRPga0NvTDhJmphEgJ7FUYF0v4lr1ki0csq06OdlxKfugGzN0dSkxM/NfqCxYELK4KcaTOUOjTV6Dcng==",
            "optional": true
        },
        "rxjs": {
            "version": "6.6.3",
            "resolved": "https://registry.npmjs.org/rxjs/-/rxjs-6.6.3.tgz",
            "integrity": "sha512-trsQc+xYYXZ3urjOiJOuCOa5N3jAZ3eiSpQB5hIT8zGlL2QfnHLJ2r7GMkBGuIausdJN1OneaI6gQlsqNHHmZQ==",
            "requires": {
                "tslib": "^1.9.0"
            }
        },
        "store2": {
            "version": "2.12.0",
            "resolved": "https://registry.npmjs.org/store2/-/store2-2.12.0.tgz",
            "integrity": "sha512-7t+/wpKLanLzSnQPX8WAcuLCCeuSHoWdQuh9SB3xD0kNOM38DNf+0Oa+wmvxmYueRzkmh6IcdKFtvTa+ecgPDw=="
        },
        "tslib": {
            "version": "1.14.1",
            "resolved": "https://registry.npmjs.org/tslib/-/tslib-1.14.1.tgz",
            "integrity": "sha512-Xni35NKzjgMrwevysHTCArtLDpPvye8zV/0E4EyYn43P7/7qvQwPh9BGkHewbMulVntbigmcT7rdX3BNo9wRJg=="
        }
    }
}
